
Microsoft Visual Studio Solution File, Format Version 12.00
# Visual Studio Version 17
VisualStudioVersion = 17.0.31903.59
MinimumVisualStudioVersion = 10.0.40219.1
Project("{FAE04EC0-301F-11D3-BF4B-00C04F79EFBC}") = "Producer", "Producer\Producer.csproj", "{23F9759D-E9D8-4748-A65B-6C1995C434B5}"
EndProject
Project("{FAE04EC0-301F-11D3-BF4B-00C04F79EFBC}") = "Consumer", "Consumer\Consumer.csproj", "{6956EE6C-348B-45BE-8001-B7413CFECDE0}"
EndProject
Project("{2150E333-8FDC-42A3-9474-1A3956D46DE8}") = "MongoDb", "MongoDb", "{D693E7BC-2B99-1818-0D74-D4259E2623EB}"
EndProject
Project("{FAE04EC0-301F-11D3-BF4B-00C04F79EFBC}") = "RabbitDemo.MongoDb", "MongoDb\RabbitDemo.MongoDb.csproj", "{1AEA9B16-64E0-4671-8D83-D12379ACF93F}"
EndProject
Project("{FAE04EC0-301F-11D3-BF4B-00C04F79EFBC}") = "RabbitDemo.Api", "RabbitDemo.Api\RabbitDemo.Api.csproj", "{A2D56FDD-B825-4158-9B5F-AFB1FCA3E68B}"
EndProject
Project("{FAE04EC0-301F-11D3-BF4B-00C04F79EFBC}") = "RabbitDemo.Sqlite", "RabbitDemo.Sqlite\RabbitDemo.Sqlite.csproj", "{642A236E-4D4A-4C21-B75D-B32F8B5A4C6B}"
EndProject
Global
	GlobalSection(SolutionConfigurationPlatforms) = preSolution
		Debug|Any CPU = Debug|Any CPU
		Debug|x64 = Debug|x64
		Debug|x86 = Debug|x86
		Release|Any CPU = Release|Any CPU
		Release|x64 = Release|x64
		Release|x86 = Release|x86
	EndGlobalSection
	GlobalSection(ProjectConfigurationPlatforms) = postSolution
		{23F9759D-E9D8-4748-A65B-6C1995C434B5}.Debug|Any CPU.ActiveCfg = Debug|Any CPU
		{23F9759D-E9D8-4748-A65B-6C1995C434B5}.Debug|Any CPU.Build.0 = Debug|Any CPU
		{23F9759D-E9D8-4748-A65B-6C1995C434B5}.Debug|x64.ActiveCfg = Debug|Any CPU
		{23F9759D-E9D8-4748-A65B-6C1995C434B5}.Debug|x64.Build.0 = Debug|Any CPU
		{23F9759D-E9D8-4748-A65B-6C1995C434B5}.Debug|x86.ActiveCfg = Debug|Any CPU
		{23F9759D-E9D8-4748-A65B-6C1995C434B5}.Debug|x86.Build.0 = Debug|Any CPU
		{23F9759D-E9D8-4748-A65B-6C1995C434B5}.Release|Any CPU.ActiveCfg = Release|Any CPU
		{23F9759D-E9D8-4748-A65B-6C1995C434B5}.Release|Any CPU.Build.0 = Release|Any CPU
		{23F9759D-E9D8-4748-A65B-6C1995C434B5}.Release|x64.ActiveCfg = Release|Any CPU
		{23F9759D-E9D8-4748-A65B-6C1995C434B5}.Release|x64.Build.0 = Release|Any CPU
		{23F9759D-E9D8-4748-A65B-6C1995C434B5}.Release|x86.ActiveCfg = Release|Any CPU
		{23F9759D-E9D8-4748-A65B-6C1995C434B5}.Release|x86.Build.0 = Release|Any CPU
		{6956EE6C-348B-45BE-8001-B7413CFECDE0}.Debug|Any CPU.ActiveCfg = Debug|Any CPU
		{6956EE6C-348B-45BE-8001-B7413CFECDE0}.Debug|Any CPU.Build.0 = Debug|Any CPU
		{6956EE6C-348B-45BE-8001-B7413CFECDE0}.Debug|x64.ActiveCfg = Debug|Any CPU
		{6956EE6C-348B-45BE-8001-B7413CFECDE0}.Debug|x64.Build.0 = Debug|Any CPU
		{6956EE6C-348B-45BE-8001-B7413CFECDE0}.Debug|x86.ActiveCfg = Debug|Any CPU
		{6956EE6C-348B-45BE-8001-B7413CFECDE0}.Debug|x86.Build.0 = Debug|Any CPU
		{6956EE6C-348B-45BE-8001-B7413CFECDE0}.Release|Any CPU.ActiveCfg = Release|Any CPU
		{6956EE6C-348B-45BE-8001-B7413CFECDE0}.Release|Any CPU.Build.0 = Release|Any CPU
		{6956EE6C-348B-45BE-8001-B7413CFECDE0}.Release|x64.ActiveCfg = Release|Any CPU
		{6956EE6C-348B-45BE-8001-B7413CFECDE0}.Release|x64.Build.0 = Release|Any CPU
		{6956EE6C-348B-45BE-8001-B7413CFECDE0}.Release|x86.ActiveCfg = Release|Any CPU
		{6956EE6C-348B-45BE-8001-B7413CFECDE0}.Release|x86.Build.0 = Release|Any CPU
		{1AEA9B16-64E0-4671-8D83-D12379ACF93F}.Debug|Any CPU.ActiveCfg = Debug|Any CPU
		{1AEA9B16-64E0-4671-8D83-D12379ACF93F}.Debug|Any CPU.Build.0 = Debug|Any CPU
		{1AEA9B16-64E0-4671-8D83-D12379ACF93F}.Debug|x64.ActiveCfg = Debug|Any CPU
		{1AEA9B16-64E0-4671-8D83-D12379ACF93F}.Debug|x64.Build.0 = Debug|Any CPU
		{1AEA9B16-64E0-4671-8D83-D12379ACF93F}.Debug|x86.ActiveCfg = Debug|Any CPU
		{1AEA9B16-64E0-4671-8D83-D12379ACF93F}.Debug|x86.Build.0 = Debug|Any CPU
		{1AEA9B16-64E0-4671-8D83-D12379ACF93F}.Release|Any CPU.ActiveCfg = Release|Any CPU
		{1AEA9B16-64E0-4671-8D83-D12379ACF93F}.Release|Any CPU.Build.0 = Release|Any CPU
		{1AEA9B16-64E0-4671-8D83-D12379ACF93F}.Release|x64.ActiveCfg = Release|Any CPU
		{1AEA9B16-64E0-4671-8D83-D12379ACF93F}.Release|x64.Build.0 = Release|Any CPU
		{1AEA9B16-64E0-4671-8D83-D12379ACF93F}.Release|x86.ActiveCfg = Release|Any CPU
		{1AEA9B16-64E0-4671-8D83-D12379ACF93F}.Release|x86.Build.0 = Release|Any CPU
		{A2D56FDD-B825-4158-9B5F-AFB1FCA3E68B}.Debug|Any CPU.ActiveCfg = Debug|Any CPU
		{A2D56FDD-B825-4158-9B5F-AFB1FCA3E68B}.Debug|Any CPU.Build.0 = Debug|Any CPU
		{A2D56FDD-B825-4158-9B5F-AFB1FCA3E68B}.Debug|x64.ActiveCfg = Debug|Any CPU
		{A2D56FDD-B825-4158-9B5F-AFB1FCA3E68B}.Debug|x64.Build.0 = Debug|Any CPU
		{A2D56FDD-B825-4158-9B5F-AFB1FCA3E68B}.Debug|x86.ActiveCfg = Debug|Any CPU
		{A2D56FDD-B825-4158-9B5F-AFB1FCA3E68B}.Debug|x86.Build.0 = Debug|Any CPU
		{A2D56FDD-B825-4158-9B5F-AFB1FCA3E68B}.Release|Any CPU.ActiveCfg = Release|Any CPU
		{A2D56FDD-B825-4158-9B5F-AFB1FCA3E68B}.Release|Any CPU.Build.0 = Release|Any CPU
		{A2D56FDD-B825-4158-9B5F-AFB1FCA3E68B}.Release|x64.ActiveCfg = Release|Any CPU
		{A2D56FDD-B825-4158-9B5F-AFB1FCA3E68B}.Release|x64.Build.0 = Release|Any CPU
		{A2D56FDD-B825-4158-9B5F-AFB1FCA3E68B}.Release|x86.ActiveCfg = Release|Any CPU
		{A2D56FDD-B825-4158-9B5F-AFB1FCA3E68B}.Release|x86.Build.0 = Release|Any CPU
		{642A236E-4D4A-4C21-B75D-B32F8B5A4C6B}.Debug|Any CPU.ActiveCfg = Debug|Any CPU
		{642A236E-4D4A-4C21-B75D-B32F8B5A4C6B}.Debug|Any CPU.Build.0 = Debug|Any CPU
		{642A236E-4D4A-4C21-B75D-B32F8B5A4C6B}.Debug|x64.ActiveCfg = Debug|Any CPU
		{642A236E-4D4A-4C21-B75D-B32F8B5A4C6B}.Debug|x64.Build.0 = Debug|Any CPU
		{642A236E-4D4A-4C21-B75D-B32F8B5A4C6B}.Debug|x86.ActiveCfg = Debug|Any CPU
		{642A236E-4D4A-4C21-B75D-B32F8B5A4C6B}.Debug|x86.Build.0 = Debug|Any CPU
		{642A236E-4D4A-4C21-B75D-B32F8B5A4C6B}.Release|Any CPU.ActiveCfg = Release|Any CPU
		{642A236E-4D4A-4C21-B75D-B32F8B5A4C6B}.Release|Any CPU.Build.0 = Release|Any CPU
		{642A236E-4D4A-4C21-B75D-B32F8B5A4C6B}.Release|x64.ActiveCfg = Release|Any CPU
		{642A236E-4D4A-4C21-B75D-B32F8B5A4C6B}.Release|x64.Build.0 = Release|Any CPU
		{642A236E-4D4A-4C21-B75D-B32F8B5A4C6B}.Release|x86.ActiveCfg = Release|Any CPU
		{642A236E-4D4A-4C21-B75D-B32F8B5A4C6B}.Release|x86.Build.0 = Release|Any CPU
	EndGlobalSection
	GlobalSection(SolutionProperties) = preSolution
		HideSolutionNode = FALSE
	EndGlobalSection
	GlobalSection(NestedProjects) = preSolution
		{1AEA9B16-64E0-4671-8D83-D12379ACF93F} = {D693E7BC-2B99-1818-0D74-D4259E2623EB}
	EndGlobalSection
EndGlobal
